
Microsoft Visual Studio Solution File, Format Version 12.00
# Visual Studio Version 17
VisualStudioVersion = 17.5.002.0
MinimumVisualStudioVersion = 10.0.40219.1
Project("{9A19103F-16F7-4668-BE54-9A1E7A4F7556}") = "dotnet-rest-boilerplate", "dotnet-rest-boilerplate.csproj", "{7DBBB5CC-DF5D-44ED-A29A-3AA8A86B0650}"
EndProject
Global
	GlobalSection(SolutionConfigurationPlatforms) = preSolution
		Debug|Any CPU = Debug|Any CPU
		Release|Any CPU = Release|Any CPU
	EndGlobalSection
	GlobalSection(ProjectConfigurationPlatforms) = postSolution
		{7DBBB5CC-DF5D-44ED-A29A-3AA8A86B0650}.Debug|Any CPU.ActiveCfg = Debug|Any CPU
		{7DBBB5CC-DF5D-44ED-A29A-3AA8A86B0650}.Debug|Any CPU.Build.0 = Debug|Any CPU
		{7DBBB5CC-DF5D-44ED-A29A-3AA8A86B0650}.Release|Any CPU.ActiveCfg = Release|Any CPU
		{7DBBB5CC-DF5D-44ED-A29A-3AA8A86B0650}.Release|Any CPU.Build.0 = Release|Any CPU
	EndGlobalSection
	GlobalSection(SolutionProperties) = preSolution
		HideSolutionNode = FALSE
	EndGlobalSection
	GlobalSection(ExtensibilityGlobals) = postSolution
		SolutionGuid = {23FEB31E-710D-4508-BD5B-AF326AA3AF74}
	EndGlobalSection
EndGlobal
